
Microsoft Visual Studio Solution File, Format Version 12.00
# Visual Studio Version 16
VisualStudioVersion = 16.0.29318.209
MinimumVisualStudioVersion = 10.0.40219.1
Project("{9A19103F-16F7-4668-BE54-9A1E7A4F7556}") = "PaperTanksV2-Client", "PaperTanksV2-Client.csproj", "{4C4E7002-3C10-4738-8A74-1663B3A90F63}"
EndProject
Project("{FAE04EC0-301F-11D3-BF4B-00C04F79EFBC}") = "FontRender", "..\..\FontRender\FontRender\FontRender.csproj", "{72291CDD-9821-4E69-A872-BDE79D5A1640}"
EndProject
Global
	GlobalSection(SolutionConfigurationPlatforms) = preSolution
		Debug|Any CPU = Debug|Any CPU
		Release|Any CPU = Release|Any CPU
	EndGlobalSection
	GlobalSection(ProjectConfigurationPlatforms) = postSolution
		{4C4E7002-3C10-4738-8A74-1663B3A90F63}.Debug|Any CPU.ActiveCfg = Debug|Any CPU
		{4C4E7002-3C10-4738-8A74-1663B3A90F63}.Debug|Any CPU.Build.0 = Debug|Any CPU
		{4C4E7002-3C10-4738-8A74-1663B3A90F63}.Release|Any CPU.ActiveCfg = Release|Any CPU
		{4C4E7002-3C10-4738-8A74-1663B3A90F63}.Release|Any CPU.Build.0 = Release|Any CPU
		{72291CDD-9821-4E69-A872-BDE79D5A1640}.Debug|Any CPU.ActiveCfg = Debug|Any CPU
		{72291CDD-9821-4E69-A872-BDE79D5A1640}.Debug|Any CPU.Build.0 = Debug|Any CPU
		{72291CDD-9821-4E69-A872-BDE79D5A1640}.Release|Any CPU.ActiveCfg = Release|Any CPU
		{72291CDD-9821-4E69-A872-BDE79D5A1640}.Release|Any CPU.Build.0 = Release|Any CPU
	EndGlobalSection
	GlobalSection(SolutionProperties) = preSolution
		HideSolutionNode = FALSE
	EndGlobalSection
	GlobalSection(ExtensibilityGlobals) = postSolution
		SolutionGuid = {8AF56EA9-CA8E-4987-9197-FF994CEA942B}
	EndGlobalSection
EndGlobal
